
Microsoft Visual Studio Solution File, Format Version 12.00
# Visual Studio Version 17
VisualStudioVersion = 17.11.35312.102
MinimumVisualStudioVersion = 10.0.40219.1
Project("{FAE04EC0-301F-11D3-BF4B-00C04F79EFBC}") = "BasketAPI", "BasketAPI\BasketAPI.csproj", "{7A30D92D-E380-4AE9-9D65-7E545BCCF6D6}"
EndProject
Global
	GlobalSection(SolutionConfigurationPlatforms) = preSolution
		Debug|Any CPU = Debug|Any CPU
		Release|Any CPU = Release|Any CPU
	EndGlobalSection
	GlobalSection(ProjectConfigurationPlatforms) = postSolution
		{7A30D92D-E380-4AE9-9D65-7E545BCCF6D6}.Debug|Any CPU.ActiveCfg = Debug|Any CPU
		{7A30D92D-E380-4AE9-9D65-7E545BCCF6D6}.Debug|Any CPU.Build.0 = Debug|Any CPU
		{7A30D92D-E380-4AE9-9D65-7E545BCCF6D6}.Release|Any CPU.ActiveCfg = Release|Any CPU
		{7A30D92D-E380-4AE9-9D65-7E545BCCF6D6}.Release|Any CPU.Build.0 = Release|Any CPU
	EndGlobalSection
	GlobalSection(SolutionProperties) = preSolution
		HideSolutionNode = FALSE
	EndGlobalSection
	GlobalSection(ExtensibilityGlobals) = postSolution
		SolutionGuid = {92B6F911-10CD-49B4-BAA5-1317E4C12E38}
	EndGlobalSection
EndGlobal
